// !$*UTF8*$!
{
	archiveVersion = 1;
	classes = {
	};
	objectVersion = 50;
	objects = {

/* Begin PBXBuildFile section */
		AA1260D722B55E22005EC2EE /* RecipeDetailsViewController.swift in Sources */ = {isa = PBXBuildFile; fileRef = AA1260D622B55E22005EC2EE /* RecipeDetailsViewController.swift */; };
		AA17DB2222B4CF00005E9AE8 /* RecipeViewCell.swift in Sources */ = {isa = PBXBuildFile; fileRef = AA17DB2122B4CF00005E9AE8 /* RecipeViewCell.swift */; };
		AA7884D722B41D500052B8B3 /* CategoryViewCell.swift in Sources */ = {isa = PBXBuildFile; fileRef = AA7884D622B41D500052B8B3 /* CategoryViewCell.swift */; };
		AA7884D922B450670052B8B3 /* RecipesViewController.swift in Sources */ = {isa = PBXBuildFile; fileRef = AA7884D822B450670052B8B3 /* RecipesViewController.swift */; };
		AAEE158B22B1BA1600242E94 /* AppDelegate.swift in Sources */ = {isa = PBXBuildFile; fileRef = AAEE158A22B1BA1600242E94 /* AppDelegate.swift */; };
		AAEE158D22B1BA1600242E94 /* HomeViewController.swift in Sources */ = {isa = PBXBuildFile; fileRef = AAEE158C22B1BA1600242E94 /* HomeViewController.swift */; };
		AAEE159022B1BA1600242E94 /* Main.storyboard in Resources */ = {isa = PBXBuildFile; fileRef = AAEE158E22B1BA1600242E94 /* Main.storyboard */; };
		AAEE159222B1BA1700242E94 /* Assets.xcassets in Resources */ = {isa = PBXBuildFile; fileRef = AAEE159122B1BA1700242E94 /* Assets.xcassets */; };
		AAEE159522B1BA1700242E94 /* LaunchScreen.storyboard in Resources */ = {isa = PBXBuildFile; fileRef = AAEE159322B1BA1700242E94 /* LaunchScreen.storyboard */; };
		AAEE15A022B1BB8100242E94 /* FoodCategory.swift in Sources */ = {isa = PBXBuildFile; fileRef = AAEE159F22B1BB8100242E94 /* FoodCategory.swift */; };
		AAEE15A222B1BCAA00242E94 /* Recipe.swift in Sources */ = {isa = PBXBuildFile; fileRef = AAEE15A122B1BCAA00242E94 /* Recipe.swift */; };
		AAEE15A422B1BD2C00242E94 /* DataSet.swift in Sources */ = {isa = PBXBuildFile; fileRef = AAEE15A322B1BD2C00242E94 /* DataSet.swift */; };
/* End PBXBuildFile section */

/* Begin PBXFileReference section */
		AA1260D622B55E22005EC2EE /* RecipeDetailsViewController.swift */ = {isa = PBXFileReference; lastKnownFileType = sourcecode.swift; path = RecipeDetailsViewController.swift; sourceTree = "<group>"; };
		AA17DB2122B4CF00005E9AE8 /* RecipeViewCell.swift */ = {isa = PBXFileReference; lastKnownFileType = sourcecode.swift; path = RecipeViewCell.swift; sourceTree = "<group>"; };
		AA7884D622B41D500052B8B3 /* CategoryViewCell.swift */ = {isa = PBXFileReference; lastKnownFileType = sourcecode.swift; path = CategoryViewCell.swift; sourceTree = "<group>"; };
		AA7884D822B450670052B8B3 /* RecipesViewController.swift */ = {isa = PBXFileReference; lastKnownFileType = sourcecode.swift; path = RecipesViewController.swift; sourceTree = "<group>"; };
		AAEE158722B1BA1600242E94 /* GoodEatins.app */ = {isa = PBXFileReference; explicitFileType = wrapper.application; includeInIndex = 0; path = GoodEatins.app; sourceTree = BUILT_PRODUCTS_DIR; };
		AAEE158A22B1BA1600242E94 /* AppDelegate.swift */ = {isa = PBXFileReference; lastKnownFileType = sourcecode.swift; path = AppDelegate.swift; sourceTree = "<group>"; };
		AAEE158C22B1BA1600242E94 /* HomeViewController.swift */ = {isa = PBXFileReference; lastKnownFileType = sourcecode.swift; path = HomeViewController.swift; sourceTree = "<group>"; };
		AAEE158F22B1BA1600242E94 /* Base */ = {isa = PBXFileReference; lastKnownFileType = file.storyboard; name = Base; path = Base.lproj/Main.storyboard; sourceTree = "<group>"; };
		AAEE159122B1BA1700242E94 /* Assets.xcassets */ = {isa = PBXFileReference; lastKnownFileType = folder.assetcatalog; path = Assets.xcassets; sourceTree = "<group>"; };
		AAEE159422B1BA1700242E94 /* Base */ = {isa = PBXFileReference; lastKnownFileType = file.storyboard; name = Base; path = Base.lproj/LaunchScreen.storyboard; sourceTree = "<group>"; };
		AAEE159622B1BA1700242E94 /* Info.plist */ = {isa = PBXFileReference; lastKnownFileType = text.plist.xml; path = Info.plist; sourceTree = "<group>"; };
		AAEE159F22B1BB8100242E94 /* FoodCategory.swift */ = {isa = PBXFileReference; lastKnownFileType = sourcecode.swift; path = FoodCategory.swift; sourceTree = "<group>"; };
		AAEE15A122B1BCAA00242E94 /* Recipe.swift */ = {isa = PBXFileReference; lastKnownFileType = sourcecode.swift; path = Recipe.swift; sourceTree = "<group>"; };
		AAEE15A322B1BD2C00242E94 /* DataSet.swift */ = {isa = PBXFileReference; lastKnownFileType = sourcecode.swift; path = DataSet.swift; sourceTree = "<group>"; };
/* End PBXFileReference section */

/* Begin PBXFrameworksBuildPhase section */
		AAEE158422B1BA1600242E94 /* Frameworks */ = {
			isa = PBXFrameworksBuildPhase;
			buildActionMask = 2147483647;
			files = (
			);
			runOnlyForDeploymentPostprocessing = 0;
		};
/* End PBXFrameworksBuildPhase section */

/* Begin PBXGroup section */
		AAEE157E22B1BA1600242E94 = {
			isa = PBXGroup;
			children = (
				AAEE158922B1BA1600242E94 /* GoodEatins */,
				AAEE158822B1BA1600242E94 /* Products */,
			);
			sourceTree = "<group>";
		};
		AAEE158822B1BA1600242E94 /* Products */ = {
			isa = PBXGroup;
			children = (
				AAEE158722B1BA1600242E94 /* GoodEatins.app */,
			);
			name = Products;
			sourceTree = "<group>";
		};
		AAEE158922B1BA1600242E94 /* GoodEatins */ = {
			isa = PBXGroup;
			children = (
				AAEE159E22B1BB5C00242E94 /* Model */,
				AAEE159D22B1BB5500242E94 /* View */,
				AAEE159C22B1BB4A00242E94 /* Controller */,
				AAEE158A22B1BA1600242E94 /* AppDelegate.swift */,
				AAEE158E22B1BA1600242E94 /* Main.storyboard */,
				AAEE159122B1BA1700242E94 /* Assets.xcassets */,
				AAEE159322B1BA1700242E94 /* LaunchScreen.storyboard */,
				AAEE159622B1BA1700242E94 /* Info.plist */,
			);
			path = GoodEatins;
			sourceTree = "<group>";
		};
		AAEE159C22B1BB4A00242E94 /* Controller */ = {
			isa = PBXGroup;
			children = (
				AAEE158C22B1BA1600242E94 /* HomeViewController.swift */,
				AA7884D822B450670052B8B3 /* RecipesViewController.swift */,
				AA1260D622B55E22005EC2EE /* RecipeDetailsViewController.swift */,
			);
			path = Controller;
			sourceTree = "<group>";
		};
		AAEE159D22B1BB5500242E94 /* View */ = {
			isa = PBXGroup;
			children = (
				AA7884D622B41D500052B8B3 /* CategoryViewCell.swift */,
				AA17DB2122B4CF00005E9AE8 /* RecipeViewCell.swift */,
			);
			path = View;
			sourceTree = "<group>";
		};
		AAEE159E22B1BB5C00242E94 /* Model */ = {
			isa = PBXGroup;
			children = (
				AAEE159F22B1BB8100242E94 /* FoodCategory.swift */,
				AAEE15A122B1BCAA00242E94 /* Recipe.swift */,
				AAEE15A322B1BD2C00242E94 /* DataSet.swift */,
			);
			path = Model;
			sourceTree = "<group>";
		};
/* End PBXGroup section */

/* Begin PBXNativeTarget section */
		AAEE158622B1BA1600242E94 /* GoodEatins */ = {
			isa = PBXNativeTarget;
			buildConfigurationList = AAEE159922B1BA1700242E94 /* Build configuration list for PBXNativeTarget "GoodEatins" */;
			buildPhases = (
				AAEE158322B1BA1600242E94 /* Sources */,
				AAEE158422B1BA1600242E94 /* Frameworks */,
				AAEE158522B1BA1600242E94 /* Resources */,
			);
			buildRules = (
			);
			dependencies = (
			);
			name = GoodEatins;
			productName = GoodEatins;
			productReference = AAEE158722B1BA1600242E94 /* GoodEatins.app */;
			productType = "com.apple.product-type.application";
		};
/* End PBXNativeTarget section */

/* Begin PBXProject section */
		AAEE157F22B1BA1600242E94 /* Project object */ = {
			isa = PBXProject;
			attributes = {
				LastSwiftUpdateCheck = 1010;
				LastUpgradeCheck = 1010;
				ORGANIZATIONNAME = ivsath;
				TargetAttributes = {
					AAEE158622B1BA1600242E94 = {
						CreatedOnToolsVersion = 10.1;
					};
				};
			};
			buildConfigurationList = AAEE158222B1BA1600242E94 /* Build configuration list for PBXProject "GoodEatins" */;
			compatibilityVersion = "Xcode 9.3";
			developmentRegion = en;
			hasScannedForEncodings = 0;
			knownRegions = (
				en,
				Base,
			);
			mainGroup = AAEE157E22B1BA1600242E94;
			productRefGroup = AAEE158822B1BA1600242E94 /* Products */;
			projectDirPath = "";
			projectRoot = "";
			targets = (
				AAEE158622B1BA1600242E94 /* GoodEatins */,
			);
		};
/* End PBXProject section */

/* Begin PBXResourcesBuildPhase section */
		AAEE158522B1BA1600242E94 /* Resources */ = {
			isa = PBXResourcesBuildPhase;
			buildActionMask = 2147483647;
			files = (
				AAEE159522B1BA1700242E94 /* LaunchScreen.storyboard in Resources */,
				AAEE159222B1BA1700242E94 /* Assets.xcassets in Resources */,
				AAEE159022B1BA1600242E94 /* Main.storyboard in Resources */,
			);
			runOnlyForDeploymentPostprocessing = 0;
		};
/* End PBXResourcesBuildPhase section */

/* Begin PBXSourcesBuildPhase section */
		AAEE158322B1BA1600242E94 /* Sources */ = {
			isa = PBXSourcesBuildPhase;
			buildActionMask = 2147483647;
			files = (
				AAEE158D22B1BA1600242E94 /* HomeViewController.swift in Sources */,
				AA1260D722B55E22005EC2EE /* RecipeDetailsViewController.swift in Sources */,
				AA7884D922B450670052B8B3 /* RecipesViewController.swift in Sources */,
				AA17DB2222B4CF00005E9AE8 /* RecipeViewCell.swift in Sources */,
				AAEE15A422B1BD2C00242E94 /* DataSet.swift in Sources */,
				AAEE15A022B1BB8100242E94 /* FoodCategory.swift in Sources */,
				AAEE158B22B1BA1600242E94 /* AppDelegate.swift in Sources */,
				AAEE15A222B1BCAA00242E94 /* Recipe.swift in Sources */,
				AA7884D722B41D500052B8B3 /* CategoryViewCell.swift in Sources */,
			);
			runOnlyForDeploymentPostprocessing = 0;
		};
/* End PBXSourcesBuildPhase section */

/* Begin PBXVariantGroup section */
		AAEE158E22B1BA1600242E94 /* Main.storyboard */ = {
			isa = PBXVariantGroup;
			children = (
				AAEE158F22B1BA1600242E94 /* Base */,
			);
			name = Main.storyboard;
			sourceTree = "<group>";
		};
		AAEE159322B1BA1700242E94 /* LaunchScreen.storyboard */ = {
			isa = PBXVariantGroup;
			children = (
				AAEE159422B1BA1700242E94 /* Base */,
			);
			name = LaunchScreen.storyboard;
			sourceTree = "<group>";
		};
/* End PBXVariantGroup section */

/* Begin XCBuildConfiguration section */
		AAEE159722B1BA1700242E94 /* Debug */ = {
			isa = XCBuildConfiguration;
			buildSettings = {
				ALWAYS_SEARCH_USER_PATHS = NO;
				CLANG_ANALYZER_NONNULL = YES;
				CLANG_ANALYZER_NUMBER_OBJECT_CONVERSION = YES_AGGRESSIVE;
				CLANG_CXX_LANGUAGE_STANDARD = "gnu++14";
				CLANG_CXX_LIBRARY = "libc++";
				CLANG_ENABLE_MODULES = YES;
				CLANG_ENABLE_OBJC_ARC = YES;
				CLANG_ENABLE_OBJC_WEAK = YES;
				CLANG_WARN_BLOCK_CAPTURE_AUTORELEASING = YES;
				CLANG_WARN_BOOL_CONVERSION = YES;
				CLANG_WARN_COMMA = YES;
				CLANG_WARN_CONSTANT_CONVERSION = YES;
				CLANG_WARN_DEPRECATED_OBJC_IMPLEMENTATIONS = YES;
				CLANG_WARN_DIRECT_OBJC_ISA_USAGE = YES_ERROR;
				CLANG_WARN_DOCUMENTATION_COMMENTS = YES;
				CLANG_WARN_EMPTY_BODY = YES;
				CLANG_WARN_ENUM_CONVERSION = YES;
				CLANG_WARN_INFINITE_RECURSION = YES;
				CLANG_WARN_INT_CONVERSION = YES;
				CLANG_WARN_NON_LITERAL_NULL_CONVERSION = YES;
				CLANG_WARN_OBJC_IMPLICIT_RETAIN_SELF = YES;
				CLANG_WARN_OBJC_LITERAL_CONVERSION = YES;
				CLANG_WARN_OBJC_ROOT_CLASS = YES_ERROR;
				CLANG_WARN_RANGE_LOOP_ANALYSIS = YES;
				CLANG_WARN_STRICT_PROTOTYPES = YES;
				CLANG_WARN_SUSPICIOUS_MOVE = YES;
				CLANG_WARN_UNGUARDED_AVAILABILITY = YES_AGGRESSIVE;
				CLANG_WARN_UNREACHABLE_CODE = YES;
				CLANG_WARN__DUPLICATE_METHOD_MATCH = YES;
				CODE_SIGN_IDENTITY = "iPhone Developer";
				COPY_PHASE_STRIP = NO;
				DEBUG_INFORMATION_FORMAT = dwarf;
				ENABLE_STRICT_OBJC_MSGSEND = YES;
				ENABLE_TESTABILITY = YES;
				GCC_C_LANGUAGE_STANDARD = gnu11;
				GCC_DYNAMIC_NO_PIC = NO;
				GCC_NO_COMMON_BLOCKS = YES;
				GCC_OPTIMIZATION_LEVEL = 0;
				GCC_PREPROCESSOR_DEFINITIONS = (
					"DEBUG=1",
					"$(inherited)",
				);
				GCC_WARN_64_TO_32_BIT_CONVERSION = YES;
				GCC_WARN_ABOUT_RETURN_TYPE = YES_ERROR;
				GCC_WARN_UNDECLARED_SELECTOR = YES;
				GCC_WARN_UNINITIALIZED_AUTOS = YES_AGGRESSIVE;
				GCC_WARN_UNUSED_FUNCTION = YES;
				GCC_WARN_UNUSED_VARIABLE = YES;
				IPHONEOS_DEPLOYMENT_TARGET = 12.1;
				MTL_ENABLE_DEBUG_INFO = INCLUDE_SOURCE;
				MTL_FAST_MATH = YES;
				ONLY_ACTIVE_ARCH = YES;
				SDKROOT = iphoneos;
				SWIFT_ACTIVE_COMPILATION_CONDITIONS = DEBUG;
				SWIFT_OPTIMIZATION_LEVEL = "-Onone";
			};
			name = Debug;
		};
		AAEE159822B1BA1700242E94 /* Release */ = {
			isa = XCBuildConfiguration;
			buildSettings = {
				ALWAYS_SEARCH_USER_PATHS = NO;
				CLANG_ANALYZER_NONNULL = YES;
				CLANG_ANALYZER_NUMBER_OBJECT_CONVERSION = YES_AGGRESSIVE;
				CLANG_CXX_LANGUAGE_STANDARD = "gnu++14";
				CLANG_CXX_LIBRARY = "libc++";
				CLANG_ENABLE_MODULES = YES;
				CLANG_ENABLE_OBJC_ARC = YES;
				CLANG_ENABLE_OBJC_WEAK = YES;
				CLANG_WARN_BLOCK_CAPTURE_AUTORELEASING = YES;
				CLANG_WARN_BOOL_CONVERSION = YES;
				CLANG_WARN_COMMA = YES;
				CLANG_WARN_CONSTANT_CONVERSION = YES;
				CLANG_WARN_DEPRECATED_OBJC_IMPLEMENTATIONS = YES;
				CLANG_WARN_DIRECT_OBJC_ISA_USAGE = YES_ERROR;
				CLANG_WARN_DOCUMENTATION_COMMENTS = YES;
				CLANG_WARN_EMPTY_BODY = YES;
				CLANG_WARN_ENUM_CONVERSION = YES;
				CLANG_WARN_INFINITE_RECURSION = YES;
				CLANG_WARN_INT_CONVERSION = YES;
				CLANG_WARN_NON_LITERAL_NULL_CONVERSION = YES;
				CLANG_WARN_OBJC_IMPLICIT_RETAIN_SELF = YES;
				CLANG_WARN_OBJC_LITERAL_CONVERSION = YES;
				CLANG_WARN_OBJC_ROOT_CLASS = YES_ERROR;
				CLANG_WARN_RANGE_LOOP_ANALYSIS = YES;
				CLANG_WARN_STRICT_PROTOTYPES = YES;
				CLANG_WARN_SUSPICIOUS_MOVE = YES;
				CLANG_WARN_UNGUARDED_AVAILABILITY = YES_AGGRESSIVE;
				CLANG_WARN_UNREACHABLE_CODE = YES;
				CLANG_WARN__DUPLICATE_METHOD_MATCH = YES;
				CODE_SIGN_IDENTITY = "iPhone Developer";
				COPY_PHASE_STRIP = NO;
				DEBUG_INFORMATION_FORMAT = "dwarf-with-dsym";
				ENABLE_NS_ASSERTIONS = NO;
				ENABLE_STRICT_OBJC_MSGSEND = YES;
				GCC_C_LANGUAGE_STANDARD = gnu11;
				GCC_NO_COMMON_BLOCKS = YES;
				GCC_WARN_64_TO_32_BIT_CONVERSION = YES;
				GCC_WARN_ABOUT_RETURN_TYPE = YES_ERROR;
				GCC_WARN_UNDECLARED_SELECTOR = YES;
				GCC_WARN_UNINITIALIZED_AUTOS = YES_AGGRESSIVE;
				GCC_WARN_UNUSED_FUNCTION = YES;
				GCC_WARN_UNUSED_VARIABLE = YES;
				IPHONEOS_DEPLOYMENT_TARGET = 12.1;
				MTL_ENABLE_DEBUG_INFO = NO;
				MTL_FAST_MATH = YES;
				SDKROOT = iphoneos;
				SWIFT_COMPILATION_MODE = wholemodule;
				SWIFT_OPTIMIZATION_LEVEL = "-O";
				VALIDATE_PRODUCT = YES;
			};
			name = Release;
		};
		AAEE159A22B1BA1700242E94 /* Debug */ = {
			isa = XCBuildConfiguration;
			buildSettings = {
				ASSETCATALOG_COMPILER_APPICON_NAME = AppIcon;
				CODE_SIGN_STYLE = Automatic;
				DEVELOPMENT_TEAM = FY9SL6UH72;
				INFOPLIST_FILE = GoodEatins/Info.plist;
				LD_RUNPATH_SEARCH_PATHS = (
					"$(inherited)",
					"@executable_path/Frameworks",
				);
				PRODUCT_BUNDLE_IDENTIFIER = com.ivsath.GoodEatins;
				PRODUCT_NAME = "$(TARGET_NAME)";
				SWIFT_VERSION = 4.2;
				TARGETED_DEVICE_FAMILY = "1,2";
			};
			name = Debug;
		};
		AAEE159B22B1BA1700242E94 /* Release */ = {
			isa = XCBuildConfiguration;
			buildSettings = {
				ASSETCATALOG_COMPILER_APPICON_NAME = AppIcon;
				CODE_SIGN_STYLE = Automatic;
				DEVELOPMENT_TEAM = FY9SL6UH72;
				INFOPLIST_FILE = GoodEatins/Info.plist;
				LD_RUNPATH_SEARCH_PATHS = (
					"$(inherited)",
					"@executable_path/Frameworks",
				);
				PRODUCT_BUNDLE_IDENTIFIER = com.ivsath.GoodEatins;
				PRODUCT_NAME = "$(TARGET_NAME)";
				SWIFT_VERSION = 4.2;
				TARGETED_DEVICE_FAMILY = "1,2";
			};
			name = Release;
		};
/* End XCBuildConfiguration section */

/* Begin XCConfigurationList section */
		AAEE158222B1BA1600242E94 /* Build configuration list for PBXProject "GoodEatins" */ = {
			isa = XCConfigurationList;
			buildConfigurations = (
				AAEE159722B1BA1700242E94 /* Debug */,
				AAEE159822B1BA1700242E94 /* Release */,
			);
			defaultConfigurationIsVisible = 0;
			defaultConfigurationName = Release;
		};
		AAEE159922B1BA1700242E94 /* Build configuration list for PBXNativeTarget "GoodEatins" */ = {
			isa = XCConfigurationList;
			buildConfigurations = (
				AAEE159A22B1BA1700242E94 /* Debug */,
				AAEE159B22B1BA1700242E94 /* Release */,
			);
			defaultConfigurationIsVisible = 0;
			defaultConfigurationName = Release;
		};
/* End XCConfigurationList section */
	};
	rootObject = AAEE157F22B1BA1600242E94 /* Project object */;
}
